
Microsoft Visual Studio Solution File, Format Version 12.00
# Visual Studio 15
VisualStudioVersion = 15.0.28307.645
MinimumVisualStudioVersion = 10.0.40219.1
Project("{FAE04EC0-301F-11D3-BF4B-00C04F79EFBC}") = "carichini.alessandro.5i.WpfWeather", "carichini.alessandro.5i.WpfWeather\carichini.alessandro.5i.WpfWeather.csproj", "{9B6D3CB4-44D5-44E1-A0B1-F95DA9465DD7}"
EndProject
Global
	GlobalSection(SolutionConfigurationPlatforms) = preSolution
		Debug|Any CPU = Debug|Any CPU
		Release|Any CPU = Release|Any CPU
	EndGlobalSection
	GlobalSection(ProjectConfigurationPlatforms) = postSolution
		{9B6D3CB4-44D5-44E1-A0B1-F95DA9465DD7}.Debug|Any CPU.ActiveCfg = Debug|Any CPU
		{9B6D3CB4-44D5-44E1-A0B1-F95DA9465DD7}.Debug|Any CPU.Build.0 = Debug|Any CPU
		{9B6D3CB4-44D5-44E1-A0B1-F95DA9465DD7}.Release|Any CPU.ActiveCfg = Release|Any CPU
		{9B6D3CB4-44D5-44E1-A0B1-F95DA9465DD7}.Release|Any CPU.Build.0 = Release|Any CPU
	EndGlobalSection
	GlobalSection(SolutionProperties) = preSolution
		HideSolutionNode = FALSE
	EndGlobalSection
	GlobalSection(ExtensibilityGlobals) = postSolution
		SolutionGuid = {CD70F5E0-B7EF-44F6-BB53-1EB104817A0C}
	EndGlobalSection
EndGlobal
